
Microsoft Visual Studio Solution File, Format Version 11.00
# Visual Studio 2010
Project("{FAE04EC0-301F-11D3-BF4B-00C04F79EFBC}") = "Assembly-CSharp", "Assembly-CSharp.csproj", "{9EB50071-1A3C-B6E7-38E7-5E9D6BD33946}"
EndProject
Global
	GlobalSection(SolutionConfigurationPlatforms) = preSolution
		Debug|Any CPU = Debug|Any CPU
		Release|Any CPU = Release|Any CPU
	EndGlobalSection
	GlobalSection(ProjectConfigurationPlatforms) = postSolution
		{9EB50071-1A3C-B6E7-38E7-5E9D6BD33946}.Debug|Any CPU.ActiveCfg = Debug|Any CPU
		{9EB50071-1A3C-B6E7-38E7-5E9D6BD33946}.Debug|Any CPU.Build.0 = Debug|Any CPU
		{9EB50071-1A3C-B6E7-38E7-5E9D6BD33946}.Release|Any CPU.ActiveCfg = Release|Any CPU
		{9EB50071-1A3C-B6E7-38E7-5E9D6BD33946}.Release|Any CPU.Build.0 = Release|Any CPU
	EndGlobalSection
	GlobalSection(SolutionProperties) = preSolution
		HideSolutionNode = FALSE
	EndGlobalSection
	GlobalSection(MonoDevelopProperties) = preSolution
		StartupItem = Assembly-CSharp.csproj
	EndGlobalSection
EndGlobal
